Microsoft Visual Studio Solution File, Format Version 12.00
# Visual Studio Version 17
VisualStudioVersion = 17.5.2.0
MinimumVisualStudioVersion = 10.0.40219.1
Project("{2150E333-8FDC-42A3-9474-1A3956D46DE8}") = "Backend", "Backend", "{1AE8ACA6-933B-BF2A-3671-3E2EAC007D16}"
EndProject
Project("{FAE04EC0-301F-11D3-BF4B-00C04F79EFBC}") = "Frontend", "Backend\Api\Frontend.csproj", "{D39DC53D-3AF4-7EE1-3C44-133A83681237}"
EndProject
Project("{FAE04EC0-301F-11D3-BF4B-00C04F79EFBC}") = "Kernel", "Backend\Kernel\Kernel.csproj", "{EB956BD9-8D0E-E31F-36DF-048C96CEF49C}"
EndProject
Global
	GlobalSection(SolutionConfigurationPlatforms) = preSolution
		Debug|Any CPU = Debug|Any CPU
		Release|Any CPU = Release|Any CPU
	EndGlobalSection
	GlobalSection(ProjectConfigurationPlatforms) = postSolution
		{D39DC53D-3AF4-7EE1-3C44-133A83681237}.Debug|Any CPU.ActiveCfg = Debug|Any CPU
		{D39DC53D-3AF4-7EE1-3C44-133A83681237}.Debug|Any CPU.Build.0 = Debug|Any CPU
		{D39DC53D-3AF4-7EE1-3C44-133A83681237}.Release|Any CPU.ActiveCfg = Release|Any CPU
		{D39DC53D-3AF4-7EE1-3C44-133A83681237}.Release|Any CPU.Build.0 = Release|Any CPU
		{EB956BD9-8D0E-E31F-36DF-048C96CEF49C}.Debug|Any CPU.ActiveCfg = Debug|Any CPU
		{EB956BD9-8D0E-E31F-36DF-048C96CEF49C}.Debug|Any CPU.Build.0 = Debug|Any CPU
		{EB956BD9-8D0E-E31F-36DF-048C96CEF49C}.Release|Any CPU.ActiveCfg = Release|Any CPU
		{EB956BD9-8D0E-E31F-36DF-048C96CEF49C}.Release|Any CPU.Build.0 = Release|Any CPU
	EndGlobalSection
	GlobalSection(SolutionProperties) = preSolution
		HideSolutionNode = FALSE
	EndGlobalSection
	GlobalSection(NestedProjects) = preSolution
		{D39DC53D-3AF4-7EE1-3C44-133A83681237} = {1AE8ACA6-933B-BF2A-3671-3E2EAC007D16}
		{EB956BD9-8D0E-E31F-36DF-048C96CEF49C} = {1AE8ACA6-933B-BF2A-3671-3E2EAC007D16}
	EndGlobalSection
	GlobalSection(ExtensibilityGlobals) = postSolution
		SolutionGuid = {E7DDF3F9-4180-490B-BB94-192786B59143}
	EndGlobalSection
EndGlobal
