
Microsoft Visual Studio Solution File, Format Version 12.00
# Visual Studio Version 18
VisualStudioVersion = 18.0.11222.15
MinimumVisualStudioVersion = 10.0.40219.1
Project("{FAE04EC0-301F-11D3-BF4B-00C04F79EFBC}") = "LayerCake.Kernel", "LayerCake.Kernel\LayerCake.Kernel.csproj", "{58DC1802-146A-493C-B1A1-A8792C7DFFF8}"
EndProject
Project("{FAE04EC0-301F-11D3-BF4B-00C04F79EFBC}") = "LayerCake.Api", "LayerCake.Api\LayerCake.Api.csproj", "{6613AC88-B54B-4348-8ADB-80DA2B8C7D2F}"
EndProject
Project("{FAE04EC0-301F-11D3-BF4B-00C04F79EFBC}") = "LayerCake.Kernel.Firebase", "LayerCake.Kernel.Firebase\LayerCake.Kernel.Firebase.csproj", "{BEF39D42-458F-47A2-ADB0-8CECAE3716C4}"
EndProject
Project("{FAE04EC0-301F-11D3-BF4B-00C04F79EFBC}") = "LayerCake.Kernel.Tenants", "LayerCake.Kernel.Tenants\LayerCake.Kernel.Tenants.csproj", "{7FF38418-3FC8-4E85-BA84-E990889D094C}"
EndProject
Project("{FAE04EC0-301F-11D3-BF4B-00C04F79EFBC}") = "LayerCake.Kernel.Firebase.Stores", "LayerCake.Kernel.Firebase.Stores\LayerCake.Kernel.Firebase.Stores.csproj", "{299F96A0-1729-4DD2-B3D7-6EDA28FEDB63}"
EndProject
Global
	GlobalSection(SolutionConfigurationPlatforms) = preSolution
		Debug|Any CPU = Debug|Any CPU
		Release|Any CPU = Release|Any CPU
	EndGlobalSection
	GlobalSection(ProjectConfigurationPlatforms) = postSolution
		{58DC1802-146A-493C-B1A1-A8792C7DFFF8}.Debug|Any CPU.ActiveCfg = Debug|Any CPU
		{58DC1802-146A-493C-B1A1-A8792C7DFFF8}.Debug|Any CPU.Build.0 = Debug|Any CPU
		{58DC1802-146A-493C-B1A1-A8792C7DFFF8}.Release|Any CPU.ActiveCfg = Release|Any CPU
		{58DC1802-146A-493C-B1A1-A8792C7DFFF8}.Release|Any CPU.Build.0 = Release|Any CPU
		{6613AC88-B54B-4348-8ADB-80DA2B8C7D2F}.Debug|Any CPU.ActiveCfg = Debug|Any CPU
		{6613AC88-B54B-4348-8ADB-80DA2B8C7D2F}.Debug|Any CPU.Build.0 = Debug|Any CPU
		{6613AC88-B54B-4348-8ADB-80DA2B8C7D2F}.Release|Any CPU.ActiveCfg = Release|Any CPU
		{6613AC88-B54B-4348-8ADB-80DA2B8C7D2F}.Release|Any CPU.Build.0 = Release|Any CPU
		{BEF39D42-458F-47A2-ADB0-8CECAE3716C4}.Debug|Any CPU.ActiveCfg = Debug|Any CPU
		{BEF39D42-458F-47A2-ADB0-8CECAE3716C4}.Debug|Any CPU.Build.0 = Debug|Any CPU
		{BEF39D42-458F-47A2-ADB0-8CECAE3716C4}.Release|Any CPU.ActiveCfg = Release|Any CPU
		{BEF39D42-458F-47A2-ADB0-8CECAE3716C4}.Release|Any CPU.Build.0 = Release|Any CPU
		{7FF38418-3FC8-4E85-BA84-E990889D094C}.Debug|Any CPU.ActiveCfg = Debug|Any CPU
		{7FF38418-3FC8-4E85-BA84-E990889D094C}.Debug|Any CPU.Build.0 = Debug|Any CPU
		{7FF38418-3FC8-4E85-BA84-E990889D094C}.Release|Any CPU.ActiveCfg = Release|Any CPU
		{7FF38418-3FC8-4E85-BA84-E990889D094C}.Release|Any CPU.Build.0 = Release|Any CPU
		{299F96A0-1729-4DD2-B3D7-6EDA28FEDB63}.Debug|Any CPU.ActiveCfg = Debug|Any CPU
		{299F96A0-1729-4DD2-B3D7-6EDA28FEDB63}.Debug|Any CPU.Build.0 = Debug|Any CPU
		{299F96A0-1729-4DD2-B3D7-6EDA28FEDB63}.Release|Any CPU.ActiveCfg = Release|Any CPU
		{299F96A0-1729-4DD2-B3D7-6EDA28FEDB63}.Release|Any CPU.Build.0 = Release|Any CPU
	EndGlobalSection
	GlobalSection(SolutionProperties) = preSolution
		HideSolutionNode = FALSE
	EndGlobalSection
	GlobalSection(ExtensibilityGlobals) = postSolution
		SolutionGuid = {B4E174ED-4F21-405C-9F9E-816A9EF7E964}
	EndGlobalSection
EndGlobal
